
Microsoft Visual Studio Solution File, Format Version 12.00
# Visual Studio Version 17
VisualStudioVersion = 17.8.34601.278
MinimumVisualStudioVersion = 10.0.40219.1
Project("{FAE04EC0-301F-11D3-BF4B-00C04F79EFBC}") = "Personality.Romance", "Personality.Romance.csproj", "{1EC51D83-22AE-4E03-A7E4-5577BAF92DC5}"
EndProject
Global
	GlobalSection(SolutionConfigurationPlatforms) = preSolution
		Debug|Any CPU = Debug|Any CPU
		Release|Any CPU = Release|Any CPU
	EndGlobalSection
	GlobalSection(ProjectConfigurationPlatforms) = postSolution
		{1EC51D83-22AE-4E03-A7E4-5577BAF92DC5}.Debug|Any CPU.ActiveCfg = Debug|Any CPU
		{1EC51D83-22AE-4E03-A7E4-5577BAF92DC5}.Debug|Any CPU.Build.0 = Debug|Any CPU
		{1EC51D83-22AE-4E03-A7E4-5577BAF92DC5}.Release|Any CPU.ActiveCfg = Release|Any CPU
		{1EC51D83-22AE-4E03-A7E4-5577BAF92DC5}.Release|Any CPU.Build.0 = Release|Any CPU
	EndGlobalSection
	GlobalSection(SolutionProperties) = preSolution
		HideSolutionNode = FALSE
	EndGlobalSection
	GlobalSection(ExtensibilityGlobals) = postSolution
		SolutionGuid = {0D9871C6-7CA8-4F24-8DA5-63219E6D3C45}
	EndGlobalSection
EndGlobal
